
Microsoft Visual Studio Solution File, Format Version 12.00
# Visual Studio Version 17
VisualStudioVersion = 17.4.33213.308
MinimumVisualStudioVersion = 10.0.40219.1
Project("{FAE04EC0-301F-11D3-BF4B-00C04F79EFBC}") = "LineComparisonUC2", "LineComparisonUC2\LineComparisonUC2.csproj", "{DB790D8F-E839-4778-9C85-09619EDB0A3E}"
EndProject
Global
	GlobalSection(SolutionConfigurationPlatforms) = preSolution
		Debug|Any CPU = Debug|Any CPU
		Release|Any CPU = Release|Any CPU
	EndGlobalSection
	GlobalSection(ProjectConfigurationPlatforms) = postSolution
		{DB790D8F-E839-4778-9C85-09619EDB0A3E}.Debug|Any CPU.ActiveCfg = Debug|Any CPU
		{DB790D8F-E839-4778-9C85-09619EDB0A3E}.Debug|Any CPU.Build.0 = Debug|Any CPU
		{DB790D8F-E839-4778-9C85-09619EDB0A3E}.Release|Any CPU.ActiveCfg = Release|Any CPU
		{DB790D8F-E839-4778-9C85-09619EDB0A3E}.Release|Any CPU.Build.0 = Release|Any CPU
	EndGlobalSection
	GlobalSection(SolutionProperties) = preSolution
		HideSolutionNode = FALSE
	EndGlobalSection
	GlobalSection(ExtensibilityGlobals) = postSolution
		SolutionGuid = {2FE08458-30F1-44A8-AB8D-26DD9F6AE500}
	EndGlobalSection
EndGlobal
